
Microsoft Visual Studio Solution File, Format Version 12.00
# Visual Studio Version 16
VisualStudioVersion = 16.0.29613.14
MinimumVisualStudioVersion = 10.0.40219.1
Project("{FAE04EC0-301F-11D3-BF4B-00C04F79EFBC}") = "Program 2.1", "Program 2.1\Program 2.1.csproj", "{9CA232B4-4E3E-4924-9588-7CFEFD0413A7}"
EndProject
Global
	GlobalSection(SolutionConfigurationPlatforms) = preSolution
		Debug|Any CPU = Debug|Any CPU
		Release|Any CPU = Release|Any CPU
	EndGlobalSection
	GlobalSection(ProjectConfigurationPlatforms) = postSolution
		{9CA232B4-4E3E-4924-9588-7CFEFD0413A7}.Debug|Any CPU.ActiveCfg = Debug|Any CPU
		{9CA232B4-4E3E-4924-9588-7CFEFD0413A7}.Debug|Any CPU.Build.0 = Debug|Any CPU
		{9CA232B4-4E3E-4924-9588-7CFEFD0413A7}.Release|Any CPU.ActiveCfg = Release|Any CPU
		{9CA232B4-4E3E-4924-9588-7CFEFD0413A7}.Release|Any CPU.Build.0 = Release|Any CPU
	EndGlobalSection
	GlobalSection(SolutionProperties) = preSolution
		HideSolutionNode = FALSE
	EndGlobalSection
	GlobalSection(ExtensibilityGlobals) = postSolution
		SolutionGuid = {2649E47B-F25E-46B8-A5C9-222C4CFE789F}
	EndGlobalSection
EndGlobal
